
Microsoft Visual Studio Solution File, Format Version 12.00
# Visual Studio Version 16
VisualStudioVersion = 16.0.31729.503
MinimumVisualStudioVersion = 10.0.40219.1
Project("{FAE04EC0-301F-11D3-BF4B-00C04F79EFBC}") = "storeOnlineBook", "storeOnlineBook.csproj", "{499C8225-45EC-41E9-86FC-D04F7617A19D}"
EndProject
Global
	GlobalSection(SolutionConfigurationPlatforms) = preSolution
		Debug|Any CPU = Debug|Any CPU
		Release|Any CPU = Release|Any CPU
	EndGlobalSection
	GlobalSection(ProjectConfigurationPlatforms) = postSolution
		{499C8225-45EC-41E9-86FC-D04F7617A19D}.Debug|Any CPU.ActiveCfg = Debug|Any CPU
		{499C8225-45EC-41E9-86FC-D04F7617A19D}.Debug|Any CPU.Build.0 = Debug|Any CPU
		{499C8225-45EC-41E9-86FC-D04F7617A19D}.Release|Any CPU.ActiveCfg = Release|Any CPU
		{499C8225-45EC-41E9-86FC-D04F7617A19D}.Release|Any CPU.Build.0 = Release|Any CPU
	EndGlobalSection
	GlobalSection(SolutionProperties) = preSolution
		HideSolutionNode = FALSE
	EndGlobalSection
	GlobalSection(ExtensibilityGlobals) = postSolution
		SolutionGuid = {578B26A2-28A4-4389-98AD-B20FD12F2E70}
	EndGlobalSection
EndGlobal
